// !$*UTF8*$!
{
	archiveVersion = 1;
	classes = {
	};
	objectVersion = 55;
	objects = {

/* Begin PBXBuildFile section */
		7E047924297CE1BB00A51674 /* cruiser.obj in Resources */ = {isa = PBXBuildFile; fileRef = 7E047921297CE1BB00A51674 /* cruiser.obj */; };
		7E04792A297DD6D100A51674 /* Demo.swift in Sources */ = {isa = PBXBuildFile; fileRef = 7E047929297DD6D100A51674 /* Demo.swift */; };
		7E04792C297DDC9600A51674 /* Library.swift in Sources */ = {isa = PBXBuildFile; fileRef = 7E04792B297DDC9600A51674 /* Library.swift */; };
		7E047934297F183000A51674 /* steel.jpg in Resources */ = {isa = PBXBuildFile; fileRef = 7E047933297F183000A51674 /* steel.jpg */; };
		7E04793E297FBEC500A51674 /* Material.swift in Sources */ = {isa = PBXBuildFile; fileRef = 7E04793D297FBEC500A51674 /* Material.swift */; };
		7E047940297FC24000A51674 /* Instanced.swift in Sources */ = {isa = PBXBuildFile; fileRef = 7E04793F297FC24000A51674 /* Instanced.swift */; };
		7E04797A2983615100A51674 /* Camera.swift in Sources */ = {isa = PBXBuildFile; fileRef = 7E0479792983615100A51674 /* Camera.swift */; };
		7E2A1565297BB647000CFCEF /* CtrlClock.swift in Sources */ = {isa = PBXBuildFile; fileRef = 7E2A1564297BB647000CFCEF /* CtrlClock.swift */; };
		7E2A1569297BC486000CFCEF /* Lighting.swift in Sources */ = {isa = PBXBuildFile; fileRef = 7E2A1568297BC486000CFCEF /* Lighting.swift */; };
		7E2FDF142978991200DE8F1F /* AppDelegate.swift in Sources */ = {isa = PBXBuildFile; fileRef = 7E2FDF132978991200DE8F1F /* AppDelegate.swift */; };
		7E2FDF162978991200DE8F1F /* ViewController.swift in Sources */ = {isa = PBXBuildFile; fileRef = 7E2FDF152978991200DE8F1F /* ViewController.swift */; };
		7E2FDF192978991200DE8F1F /* Q64.xcdatamodeld in Sources */ = {isa = PBXBuildFile; fileRef = 7E2FDF172978991200DE8F1F /* Q64.xcdatamodeld */; };
		7E2FDF1B2978991300DE8F1F /* Assets.xcassets in Resources */ = {isa = PBXBuildFile; fileRef = 7E2FDF1A2978991300DE8F1F /* Assets.xcassets */; };
		7E2FDF1E2978991300DE8F1F /* Main.storyboard in Resources */ = {isa = PBXBuildFile; fileRef = 7E2FDF1C2978991300DE8F1F /* Main.storyboard */; };
		7E2FDF2B29789A9C00DE8F1F /* Renderer.swift in Sources */ = {isa = PBXBuildFile; fileRef = 7E2FDF2A29789A9C00DE8F1F /* Renderer.swift */; };
		7E2FDF2D29789AD900DE8F1F /* Math.swift in Sources */ = {isa = PBXBuildFile; fileRef = 7E2FDF2C29789AD900DE8F1F /* Math.swift */; };
		7E2FDF2F29789B7800DE8F1F /* Config.swift in Sources */ = {isa = PBXBuildFile; fileRef = 7E2FDF2E29789B7800DE8F1F /* Config.swift */; };
		7E2FDF3129789CE200DE8F1F /* Shaders.metal in Sources */ = {isa = PBXBuildFile; fileRef = 7E2FDF3029789CE200DE8F1F /* Shaders.metal */; };
		7E2FDF3329789EA800DE8F1F /* Scene.swift in Sources */ = {isa = PBXBuildFile; fileRef = 7E2FDF3229789EA800DE8F1F /* Scene.swift */; };
		7E2FDF392978A28B00DE8F1F /* Instance.swift in Sources */ = {isa = PBXBuildFile; fileRef = 7E2FDF382978A28B00DE8F1F /* Instance.swift */; };
		7E2FDF3B2978A34E00DE8F1F /* Mesh.swift in Sources */ = {isa = PBXBuildFile; fileRef = 7E2FDF3A2978A34E00DE8F1F /* Mesh.swift */; };
		7E2FDF3D2978A4D000DE8F1F /* Keybinds.swift in Sources */ = {isa = PBXBuildFile; fileRef = 7E2FDF3C2978A4D000DE8F1F /* Keybinds.swift */; };
		7E2FDF3F2978A4D800DE8F1F /* Cursor.swift in Sources */ = {isa = PBXBuildFile; fileRef = 7E2FDF3E2978A4D800DE8F1F /* Cursor.swift */; };
		7E2FDF412978A79800DE8F1F /* Entity.swift in Sources */ = {isa = PBXBuildFile; fileRef = 7E2FDF402978A79800DE8F1F /* Entity.swift */; };
		7E2FDF432978A93800DE8F1F /* RenderView.swift in Sources */ = {isa = PBXBuildFile; fileRef = 7E2FDF422978A93800DE8F1F /* RenderView.swift */; };
		7E2FDF492978AC3400DE8F1F /* Control.swift in Sources */ = {isa = PBXBuildFile; fileRef = 7E2FDF482978AC3400DE8F1F /* Control.swift */; };
		7E2FDF4F2979F78000DE8F1F /* Util.swift in Sources */ = {isa = PBXBuildFile; fileRef = 7E2FDF4E2979F78000DE8F1F /* Util.swift */; };
		7E2FDF53297A0C8900DE8F1F /* Cruiser.swift in Sources */ = {isa = PBXBuildFile; fileRef = 7E2FDF52297A0C8900DE8F1F /* Cruiser.swift */; };
		7E3D63E4298399DA00647EB7 /* Model.swift in Sources */ = {isa = PBXBuildFile; fileRef = 7E3D63E3298399DA00647EB7 /* Model.swift */; };
/* End PBXBuildFile section */

/* Begin PBXFileReference section */
		7E047921297CE1BB00A51674 /* cruiser.obj */ = {isa = PBXFileReference; fileEncoding = 4; lastKnownFileType = text; path = cruiser.obj; sourceTree = "<group>"; };
		7E047929297DD6D100A51674 /* Demo.swift */ = {isa = PBXFileReference; lastKnownFileType = sourcecode.swift; path = Demo.swift; sourceTree = "<group>"; };
		7E04792B297DDC9600A51674 /* Library.swift */ = {isa = PBXFileReference; lastKnownFileType = sourcecode.swift; path = Library.swift; sourceTree = "<group>"; };
		7E047933297F183000A51674 /* steel.jpg */ = {isa = PBXFileReference; lastKnownFileType = image.jpeg; path = steel.jpg; sourceTree = "<group>"; };
		7E04793D297FBEC500A51674 /* Material.swift */ = {isa = PBXFileReference; lastKnownFileType = sourcecode.swift; path = Material.swift; sourceTree = "<group>"; };
		7E04793F297FC24000A51674 /* Instanced.swift */ = {isa = PBXFileReference; lastKnownFileType = sourcecode.swift; path = Instanced.swift; sourceTree = "<group>"; };
		7E0479792983615100A51674 /* Camera.swift */ = {isa = PBXFileReference; lastKnownFileType = sourcecode.swift; path = Camera.swift; sourceTree = "<group>"; };
		7E2A1564297BB647000CFCEF /* CtrlClock.swift */ = {isa = PBXFileReference; lastKnownFileType = sourcecode.swift; path = CtrlClock.swift; sourceTree = "<group>"; };
		7E2A1568297BC486000CFCEF /* Lighting.swift */ = {isa = PBXFileReference; lastKnownFileType = sourcecode.swift; path = Lighting.swift; sourceTree = "<group>"; };
		7E2FDF102978991200DE8F1F /* Q64.app */ = {isa = PBXFileReference; explicitFileType = wrapper.application; includeInIndex = 0; path = Q64.app; sourceTree = BUILT_PRODUCTS_DIR; };
		7E2FDF132978991200DE8F1F /* AppDelegate.swift */ = {isa = PBXFileReference; lastKnownFileType = sourcecode.swift; path = AppDelegate.swift; sourceTree = "<group>"; };
		7E2FDF152978991200DE8F1F /* ViewController.swift */ = {isa = PBXFileReference; lastKnownFileType = sourcecode.swift; path = ViewController.swift; sourceTree = "<group>"; };
		7E2FDF182978991200DE8F1F /* Q64.xcdatamodel */ = {isa = PBXFileReference; lastKnownFileType = wrapper.xcdatamodel; path = Q64.xcdatamodel; sourceTree = "<group>"; };
		7E2FDF1A2978991300DE8F1F /* Assets.xcassets */ = {isa = PBXFileReference; lastKnownFileType = folder.assetcatalog; path = Assets.xcassets; sourceTree = "<group>"; };
		7E2FDF1D2978991300DE8F1F /* Base */ = {isa = PBXFileReference; lastKnownFileType = file.storyboard; name = Base; path = Base.lproj/Main.storyboard; sourceTree = "<group>"; };
		7E2FDF1F2978991300DE8F1F /* Q64.entitlements */ = {isa = PBXFileReference; lastKnownFileType = text.plist.entitlements; path = Q64.entitlements; sourceTree = "<group>"; };
		7E2FDF2A29789A9C00DE8F1F /* Renderer.swift */ = {isa = PBXFileReference; lastKnownFileType = sourcecode.swift; path = Renderer.swift; sourceTree = "<group>"; };
		7E2FDF2C29789AD900DE8F1F /* Math.swift */ = {isa = PBXFileReference; lastKnownFileType = sourcecode.swift; path = Math.swift; sourceTree = "<group>"; };
		7E2FDF2E29789B7800DE8F1F /* Config.swift */ = {isa = PBXFileReference; lastKnownFileType = sourcecode.swift; path = Config.swift; sourceTree = "<group>"; };
		7E2FDF3029789CE200DE8F1F /* Shaders.metal */ = {isa = PBXFileReference; lastKnownFileType = sourcecode.metal; path = Shaders.metal; sourceTree = "<group>"; };
		7E2FDF3229789EA800DE8F1F /* Scene.swift */ = {isa = PBXFileReference; lastKnownFileType = sourcecode.swift; path = Scene.swift; sourceTree = "<group>"; };
		7E2FDF382978A28B00DE8F1F /* Instance.swift */ = {isa = PBXFileReference; lastKnownFileType = sourcecode.swift; path = Instance.swift; sourceTree = "<group>"; };
		7E2FDF3A2978A34E00DE8F1F /* Mesh.swift */ = {isa = PBXFileReference; lastKnownFileType = sourcecode.swift; path = Mesh.swift; sourceTree = "<group>"; };
		7E2FDF3C2978A4D000DE8F1F /* Keybinds.swift */ = {isa = PBXFileReference; lastKnownFileType = sourcecode.swift; path = Keybinds.swift; sourceTree = "<group>"; };
		7E2FDF3E2978A4D800DE8F1F /* Cursor.swift */ = {isa = PBXFileReference; lastKnownFileType = sourcecode.swift; path = Cursor.swift; sourceTree = "<group>"; };
		7E2FDF402978A79800DE8F1F /* Entity.swift */ = {isa = PBXFileReference; lastKnownFileType = sourcecode.swift; path = Entity.swift; sourceTree = "<group>"; };
		7E2FDF422978A93800DE8F1F /* RenderView.swift */ = {isa = PBXFileReference; lastKnownFileType = sourcecode.swift; path = RenderView.swift; sourceTree = "<group>"; };
		7E2FDF482978AC3400DE8F1F /* Control.swift */ = {isa = PBXFileReference; lastKnownFileType = sourcecode.swift; path = Control.swift; sourceTree = "<group>"; };
		7E2FDF4E2979F78000DE8F1F /* Util.swift */ = {isa = PBXFileReference; lastKnownFileType = sourcecode.swift; path = Util.swift; sourceTree = "<group>"; };
		7E2FDF52297A0C8900DE8F1F /* Cruiser.swift */ = {isa = PBXFileReference; lastKnownFileType = sourcecode.swift; path = Cruiser.swift; sourceTree = "<group>"; };
		7E3D63E3298399DA00647EB7 /* Model.swift */ = {isa = PBXFileReference; lastKnownFileType = sourcecode.swift; path = Model.swift; sourceTree = "<group>"; };
/* End PBXFileReference section */

/* Begin PBXFrameworksBuildPhase section */
		7E2FDF0D2978991200DE8F1F /* Frameworks */ = {
			isa = PBXFrameworksBuildPhase;
			buildActionMask = 2147483647;
			files = (
			);
			runOnlyForDeploymentPostprocessing = 0;
		};
/* End PBXFrameworksBuildPhase section */

/* Begin PBXGroup section */
		7E04791E297CE0E400A51674 /* demo */ = {
			isa = PBXGroup;
			children = (
				7E047929297DD6D100A51674 /* Demo.swift */,
				7E2FDF52297A0C8900DE8F1F /* Cruiser.swift */,
				7E047921297CE1BB00A51674 /* cruiser.obj */,
				7E047933297F183000A51674 /* steel.jpg */,
			);
			path = demo;
			sourceTree = "<group>";
		};
		7E047928297DD6AA00A51674 /* control */ = {
			isa = PBXGroup;
			children = (
				7E2FDF482978AC3400DE8F1F /* Control.swift */,
				7E2A1564297BB647000CFCEF /* CtrlClock.swift */,
			);
			path = control;
			sourceTree = "<group>";
		};
		7E2FDF072978991200DE8F1F = {
			isa = PBXGroup;
			children = (
				7E2FDF122978991200DE8F1F /* Q64 */,
				7E2FDF112978991200DE8F1F /* Products */,
			);
			sourceTree = "<group>";
		};
		7E2FDF112978991200DE8F1F /* Products */ = {
			isa = PBXGroup;
			children = (
				7E2FDF102978991200DE8F1F /* Q64.app */,
			);
			name = Products;
			sourceTree = "<group>";
		};
		7E2FDF122978991200DE8F1F /* Q64 */ = {
			isa = PBXGroup;
			children = (
				7E04791E297CE0E400A51674 /* demo */,
				7E2FDF282978998600DE8F1F /* input */,
				7E047928297DD6AA00A51674 /* control */,
				7E2FDF272978997600DE8F1F /* core */,
				7E2FDF262978995500DE8F1F /* graphics */,
				7E2FDF252978995000DE8F1F /* application */,
			);
			path = Q64;
			sourceTree = "<group>";
		};
		7E2FDF252978995000DE8F1F /* application */ = {
			isa = PBXGroup;
			children = (
				7E2FDF132978991200DE8F1F /* AppDelegate.swift */,
				7E2FDF152978991200DE8F1F /* ViewController.swift */,
				7E2FDF422978A93800DE8F1F /* RenderView.swift */,
				7E2FDF1A2978991300DE8F1F /* Assets.xcassets */,
				7E2FDF1C2978991300DE8F1F /* Main.storyboard */,
				7E2FDF1F2978991300DE8F1F /* Q64.entitlements */,
				7E2FDF172978991200DE8F1F /* Q64.xcdatamodeld */,
			);
			path = application;
			sourceTree = "<group>";
		};
		7E2FDF262978995500DE8F1F /* graphics */ = {
			isa = PBXGroup;
			children = (
				7E04792B297DDC9600A51674 /* Library.swift */,
				7E2FDF2A29789A9C00DE8F1F /* Renderer.swift */,
				7E2FDF3229789EA800DE8F1F /* Scene.swift */,
				7E2FDF382978A28B00DE8F1F /* Instance.swift */,
				7E3D63E3298399DA00647EB7 /* Model.swift */,
				7E04793F297FC24000A51674 /* Instanced.swift */,
				7E2FDF3A2978A34E00DE8F1F /* Mesh.swift */,
				7E0479792983615100A51674 /* Camera.swift */,
				7E2A1568297BC486000CFCEF /* Lighting.swift */,
				7E04793D297FBEC500A51674 /* Material.swift */,
				7E2FDF3029789CE200DE8F1F /* Shaders.metal */,
			);
			path = graphics;
			sourceTree = "<group>";
		};
		7E2FDF272978997600DE8F1F /* core */ = {
			isa = PBXGroup;
			children = (
				7E2FDF2E29789B7800DE8F1F /* Config.swift */,
				7E2FDF4E2979F78000DE8F1F /* Util.swift */,
				7E2FDF2C29789AD900DE8F1F /* Math.swift */,
				7E2FDF402978A79800DE8F1F /* Entity.swift */,
			);
			path = core;
			sourceTree = "<group>";
		};
		7E2FDF282978998600DE8F1F /* input */ = {
			isa = PBXGroup;
			children = (
				7E2FDF3C2978A4D000DE8F1F /* Keybinds.swift */,
				7E2FDF3E2978A4D800DE8F1F /* Cursor.swift */,
			);
			path = input;
			sourceTree = "<group>";
		};
/* End PBXGroup section */

/* Begin PBXNativeTarget section */
		7E2FDF0F2978991200DE8F1F /* Q64 */ = {
			isa = PBXNativeTarget;
			buildConfigurationList = 7E2FDF222978991300DE8F1F /* Build configuration list for PBXNativeTarget "Q64" */;
			buildPhases = (
				7E2FDF0C2978991200DE8F1F /* Sources */,
				7E2FDF0D2978991200DE8F1F /* Frameworks */,
				7E2FDF0E2978991200DE8F1F /* Resources */,
			);
			buildRules = (
			);
			dependencies = (
			);
			name = Q64;
			productName = Q64;
			productReference = 7E2FDF102978991200DE8F1F /* Q64.app */;
			productType = "com.apple.product-type.application";
		};
/* End PBXNativeTarget section */

/* Begin PBXProject section */
		7E2FDF082978991200DE8F1F /* Project object */ = {
			isa = PBXProject;
			attributes = {
				BuildIndependentTargetsInParallel = 1;
				LastSwiftUpdateCheck = 1340;
				LastUpgradeCheck = 1340;
				TargetAttributes = {
					7E2FDF0F2978991200DE8F1F = {
						CreatedOnToolsVersion = 13.4.1;
					};
				};
			};
			buildConfigurationList = 7E2FDF0B2978991200DE8F1F /* Build configuration list for PBXProject "Q64" */;
			compatibilityVersion = "Xcode 13.0";
			developmentRegion = en;
			hasScannedForEncodings = 0;
			knownRegions = (
				en,
				Base,
			);
			mainGroup = 7E2FDF072978991200DE8F1F;
			productRefGroup = 7E2FDF112978991200DE8F1F /* Products */;
			projectDirPath = "";
			projectRoot = "";
			targets = (
				7E2FDF0F2978991200DE8F1F /* Q64 */,
			);
		};
/* End PBXProject section */

/* Begin PBXResourcesBuildPhase section */
		7E2FDF0E2978991200DE8F1F /* Resources */ = {
			isa = PBXResourcesBuildPhase;
			buildActionMask = 2147483647;
			files = (
				7E047924297CE1BB00A51674 /* cruiser.obj in Resources */,
				7E047934297F183000A51674 /* steel.jpg in Resources */,
				7E2FDF1B2978991300DE8F1F /* Assets.xcassets in Resources */,
				7E2FDF1E2978991300DE8F1F /* Main.storyboard in Resources */,
			);
			runOnlyForDeploymentPostprocessing = 0;
		};
/* End PBXResourcesBuildPhase section */

/* Begin PBXSourcesBuildPhase section */
		7E2FDF0C2978991200DE8F1F /* Sources */ = {
			isa = PBXSourcesBuildPhase;
			buildActionMask = 2147483647;
			files = (
				7E2FDF2B29789A9C00DE8F1F /* Renderer.swift in Sources */,
				7E2FDF3129789CE200DE8F1F /* Shaders.metal in Sources */,
				7E04792A297DD6D100A51674 /* Demo.swift in Sources */,
				7E2FDF4F2979F78000DE8F1F /* Util.swift in Sources */,
				7E04793E297FBEC500A51674 /* Material.swift in Sources */,
				7E2FDF162978991200DE8F1F /* ViewController.swift in Sources */,
				7E2FDF142978991200DE8F1F /* AppDelegate.swift in Sources */,
				7E2FDF53297A0C8900DE8F1F /* Cruiser.swift in Sources */,
				7E04797A2983615100A51674 /* Camera.swift in Sources */,
				7E2FDF3329789EA800DE8F1F /* Scene.swift in Sources */,
				7E3D63E4298399DA00647EB7 /* Model.swift in Sources */,
				7E2FDF432978A93800DE8F1F /* RenderView.swift in Sources */,
				7E2A1569297BC486000CFCEF /* Lighting.swift in Sources */,
				7E2FDF3B2978A34E00DE8F1F /* Mesh.swift in Sources */,
				7E047940297FC24000A51674 /* Instanced.swift in Sources */,
				7E2FDF192978991200DE8F1F /* Q64.xcdatamodeld in Sources */,
				7E2FDF3F2978A4D800DE8F1F /* Cursor.swift in Sources */,
				7E2FDF392978A28B00DE8F1F /* Instance.swift in Sources */,
				7E2FDF492978AC3400DE8F1F /* Control.swift in Sources */,
				7E2A1565297BB647000CFCEF /* CtrlClock.swift in Sources */,
				7E2FDF412978A79800DE8F1F /* Entity.swift in Sources */,
				7E2FDF2D29789AD900DE8F1F /* Math.swift in Sources */,
				7E2FDF2F29789B7800DE8F1F /* Config.swift in Sources */,
				7E04792C297DDC9600A51674 /* Library.swift in Sources */,
				7E2FDF3D2978A4D000DE8F1F /* Keybinds.swift in Sources */,
			);
			runOnlyForDeploymentPostprocessing = 0;
		};
/* End PBXSourcesBuildPhase section */

/* Begin PBXVariantGroup section */
		7E2FDF1C2978991300DE8F1F /* Main.storyboard */ = {
			isa = PBXVariantGroup;
			children = (
				7E2FDF1D2978991300DE8F1F /* Base */,
			);
			name = Main.storyboard;
			sourceTree = "<group>";
		};
/* End PBXVariantGroup section */

/* Begin XCBuildConfiguration section */
		7E2FDF202978991300DE8F1F /* Debug */ = {
			isa = XCBuildConfiguration;
			buildSettings = {
				ALWAYS_SEARCH_USER_PATHS = NO;
				CLANG_ANALYZER_NONNULL = YES;
				CLANG_ANALYZER_NUMBER_OBJECT_CONVERSION = YES_AGGRESSIVE;
				CLANG_CXX_LANGUAGE_STANDARD = "gnu++17";
				CLANG_ENABLE_MODULES = YES;
				CLANG_ENABLE_OBJC_ARC = YES;
				CLANG_ENABLE_OBJC_WEAK = YES;
				CLANG_WARN_BLOCK_CAPTURE_AUTORELEASING = YES;
				CLANG_WARN_BOOL_CONVERSION = YES;
				CLANG_WARN_COMMA = YES;
				CLANG_WARN_CONSTANT_CONVERSION = YES;
				CLANG_WARN_DEPRECATED_OBJC_IMPLEMENTATIONS = YES;
				CLANG_WARN_DIRECT_OBJC_ISA_USAGE = YES_ERROR;
				CLANG_WARN_DOCUMENTATION_COMMENTS = YES;
				CLANG_WARN_EMPTY_BODY = YES;
				CLANG_WARN_ENUM_CONVERSION = YES;
				CLANG_WARN_INFINITE_RECURSION = YES;
				CLANG_WARN_INT_CONVERSION = YES;
				CLANG_WARN_NON_LITERAL_NULL_CONVERSION = YES;
				CLANG_WARN_OBJC_IMPLICIT_RETAIN_SELF = YES;
				CLANG_WARN_OBJC_LITERAL_CONVERSION = YES;
				CLANG_WARN_OBJC_ROOT_CLASS = YES_ERROR;
				CLANG_WARN_QUOTED_INCLUDE_IN_FRAMEWORK_HEADER = YES;
				CLANG_WARN_RANGE_LOOP_ANALYSIS = YES;
				CLANG_WARN_STRICT_PROTOTYPES = YES;
				CLANG_WARN_SUSPICIOUS_MOVE = YES;
				CLANG_WARN_UNGUARDED_AVAILABILITY = YES_AGGRESSIVE;
				CLANG_WARN_UNREACHABLE_CODE = YES;
				CLANG_WARN__DUPLICATE_METHOD_MATCH = YES;
				COPY_PHASE_STRIP = NO;
				DEBUG_INFORMATION_FORMAT = dwarf;
				ENABLE_STRICT_OBJC_MSGSEND = YES;
				ENABLE_TESTABILITY = YES;
				GCC_C_LANGUAGE_STANDARD = gnu11;
				GCC_DYNAMIC_NO_PIC = NO;
				GCC_NO_COMMON_BLOCKS = YES;
				GCC_OPTIMIZATION_LEVEL = 0;
				GCC_PREPROCESSOR_DEFINITIONS = (
					"DEBUG=1",
					"$(inherited)",
				);
				GCC_WARN_64_TO_32_BIT_CONVERSION = YES;
				GCC_WARN_ABOUT_RETURN_TYPE = YES_ERROR;
				GCC_WARN_UNDECLARED_SELECTOR = YES;
				GCC_WARN_UNINITIALIZED_AUTOS = YES_AGGRESSIVE;
				GCC_WARN_UNUSED_FUNCTION = YES;
				GCC_WARN_UNUSED_VARIABLE = YES;
				MACOSX_DEPLOYMENT_TARGET = 12.0;
				MTL_ENABLE_DEBUG_INFO = INCLUDE_SOURCE;
				MTL_FAST_MATH = YES;
				ONLY_ACTIVE_ARCH = YES;
				SDKROOT = macosx;
				SWIFT_ACTIVE_COMPILATION_CONDITIONS = DEBUG;
				SWIFT_OPTIMIZATION_LEVEL = "-Onone";
			};
			name = Debug;
		};
		7E2FDF212978991300DE8F1F /* Release */ = {
			isa = XCBuildConfiguration;
			buildSettings = {
				ALWAYS_SEARCH_USER_PATHS = NO;
				CLANG_ANALYZER_NONNULL = YES;
				CLANG_ANALYZER_NUMBER_OBJECT_CONVERSION = YES_AGGRESSIVE;
				CLANG_CXX_LANGUAGE_STANDARD = "gnu++17";
				CLANG_ENABLE_MODULES = YES;
				CLANG_ENABLE_OBJC_ARC = YES;
				CLANG_ENABLE_OBJC_WEAK = YES;
				CLANG_WARN_BLOCK_CAPTURE_AUTORELEASING = YES;
				CLANG_WARN_BOOL_CONVERSION = YES;
				CLANG_WARN_COMMA = YES;
				CLANG_WARN_CONSTANT_CONVERSION = YES;
				CLANG_WARN_DEPRECATED_OBJC_IMPLEMENTATIONS = YES;
				CLANG_WARN_DIRECT_OBJC_ISA_USAGE = YES_ERROR;
				CLANG_WARN_DOCUMENTATION_COMMENTS = YES;
				CLANG_WARN_EMPTY_BODY = YES;
				CLANG_WARN_ENUM_CONVERSION = YES;
				CLANG_WARN_INFINITE_RECURSION = YES;
				CLANG_WARN_INT_CONVERSION = YES;
				CLANG_WARN_NON_LITERAL_NULL_CONVERSION = YES;
				CLANG_WARN_OBJC_IMPLICIT_RETAIN_SELF = YES;
				CLANG_WARN_OBJC_LITERAL_CONVERSION = YES;
				CLANG_WARN_OBJC_ROOT_CLASS = YES_ERROR;
				CLANG_WARN_QUOTED_INCLUDE_IN_FRAMEWORK_HEADER = YES;
				CLANG_WARN_RANGE_LOOP_ANALYSIS = YES;
				CLANG_WARN_STRICT_PROTOTYPES = YES;
				CLANG_WARN_SUSPICIOUS_MOVE = YES;
				CLANG_WARN_UNGUARDED_AVAILABILITY = YES_AGGRESSIVE;
				CLANG_WARN_UNREACHABLE_CODE = YES;
				CLANG_WARN__DUPLICATE_METHOD_MATCH = YES;
				COPY_PHASE_STRIP = NO;
				DEBUG_INFORMATION_FORMAT = "dwarf-with-dsym";
				ENABLE_NS_ASSERTIONS = NO;
				ENABLE_STRICT_OBJC_MSGSEND = YES;
				GCC_C_LANGUAGE_STANDARD = gnu11;
				GCC_NO_COMMON_BLOCKS = YES;
				GCC_WARN_64_TO_32_BIT_CONVERSION = YES;
				GCC_WARN_ABOUT_RETURN_TYPE = YES_ERROR;
				GCC_WARN_UNDECLARED_SELECTOR = YES;
				GCC_WARN_UNINITIALIZED_AUTOS = YES_AGGRESSIVE;
				GCC_WARN_UNUSED_FUNCTION = YES;
				GCC_WARN_UNUSED_VARIABLE = YES;
				MACOSX_DEPLOYMENT_TARGET = 12.0;
				MTL_ENABLE_DEBUG_INFO = NO;
				MTL_FAST_MATH = YES;
				SDKROOT = macosx;
				SWIFT_COMPILATION_MODE = wholemodule;
				SWIFT_OPTIMIZATION_LEVEL = "-O";
			};
			name = Release;
		};
		7E2FDF232978991300DE8F1F /* Debug */ = {
			isa = XCBuildConfiguration;
			buildSettings = {
				ASSETCATALOG_COMPILER_APPICON_NAME = AppIcon;
				ASSETCATALOG_COMPILER_GLOBAL_ACCENT_COLOR_NAME = AccentColor;
				CODE_SIGN_ENTITLEMENTS = Q64/application/Q64.entitlements;
				CODE_SIGN_STYLE = Automatic;
				COMBINE_HIDPI_IMAGES = YES;
				CURRENT_PROJECT_VERSION = 1;
				GENERATE_INFOPLIST_FILE = YES;
				INFOPLIST_KEY_NSHumanReadableCopyright = "";
				INFOPLIST_KEY_NSMainStoryboardFile = Main;
				INFOPLIST_KEY_NSPrincipalClass = NSApplication;
				LD_RUNPATH_SEARCH_PATHS = (
					"$(inherited)",
					"@executable_path/../Frameworks",
				);
				MARKETING_VERSION = 1.0;
				PRODUCT_BUNDLE_IDENTIFIER = com.Q64;
				PRODUCT_NAME = "$(TARGET_NAME)";
				SWIFT_EMIT_LOC_STRINGS = YES;
				SWIFT_VERSION = 5.0;
			};
			name = Debug;
		};
		7E2FDF242978991300DE8F1F /* Release */ = {
			isa = XCBuildConfiguration;
			buildSettings = {
				ASSETCATALOG_COMPILER_APPICON_NAME = AppIcon;
				ASSETCATALOG_COMPILER_GLOBAL_ACCENT_COLOR_NAME = AccentColor;
				CODE_SIGN_ENTITLEMENTS = Q64/application/Q64.entitlements;
				CODE_SIGN_STYLE = Automatic;
				COMBINE_HIDPI_IMAGES = YES;
				CURRENT_PROJECT_VERSION = 1;
				GENERATE_INFOPLIST_FILE = YES;
				INFOPLIST_KEY_NSHumanReadableCopyright = "";
				INFOPLIST_KEY_NSMainStoryboardFile = Main;
				INFOPLIST_KEY_NSPrincipalClass = NSApplication;
				LD_RUNPATH_SEARCH_PATHS = (
					"$(inherited)",
					"@executable_path/../Frameworks",
				);
				MARKETING_VERSION = 1.0;
				PRODUCT_BUNDLE_IDENTIFIER = com.Q64;
				PRODUCT_NAME = "$(TARGET_NAME)";
				SWIFT_EMIT_LOC_STRINGS = YES;
				SWIFT_VERSION = 5.0;
			};
			name = Release;
		};
/* End XCBuildConfiguration section */

/* Begin XCConfigurationList section */
		7E2FDF0B2978991200DE8F1F /* Build configuration list for PBXProject "Q64" */ = {
			isa = XCConfigurationList;
			buildConfigurations = (
				7E2FDF202978991300DE8F1F /* Debug */,
				7E2FDF212978991300DE8F1F /* Release */,
			);
			defaultConfigurationIsVisible = 0;
			defaultConfigurationName = Release;
		};
		7E2FDF222978991300DE8F1F /* Build configuration list for PBXNativeTarget "Q64" */ = {
			isa = XCConfigurationList;
			buildConfigurations = (
				7E2FDF232978991300DE8F1F /* Debug */,
				7E2FDF242978991300DE8F1F /* Release */,
			);
			defaultConfigurationIsVisible = 0;
			defaultConfigurationName = Release;
		};
/* End XCConfigurationList section */

/* Begin XCVersionGroup section */
		7E2FDF172978991200DE8F1F /* Q64.xcdatamodeld */ = {
			isa = XCVersionGroup;
			children = (
				7E2FDF182978991200DE8F1F /* Q64.xcdatamodel */,
			);
			currentVersion = 7E2FDF182978991200DE8F1F /* Q64.xcdatamodel */;
			path = Q64.xcdatamodeld;
			sourceTree = "<group>";
			versionGroupType = wrapper.xcdatamodel;
		};
/* End XCVersionGroup section */
	};
	rootObject = 7E2FDF082978991200DE8F1F /* Project object */;
}
