// !$*UTF8*$!
{
	archiveVersion = 1;
	classes = {
	};
	objectVersion = 55;
	objects = {

/* Begin PBXBuildFile section */
		7E047924297CE1BB00A51674 /* cruiser.obj in Resources */ = {isa = PBXBuildFile; fileRef = 7E047921297CE1BB00A51674 /* cruiser.obj */; };
		7E04792A297DD6D100A51674 /* Demo.swift in Sources */ = {isa = PBXBuildFile; fileRef = 7E047929297DD6D100A51674 /* Demo.swift */; };
		7E04792C297DDC9600A51674 /* Library.swift in Sources */ = {isa = PBXBuildFile; fileRef = 7E04792B297DDC9600A51674 /* Library.swift */; };
		7E1FB24029C11297006DCD3A /* Temple.obj in Resources */ = {isa = PBXBuildFile; fileRef = 7E1FB23F29C11297006DCD3A /* Temple.obj */; };
		7E2E35DA29AB3FDC006E80E3 /* Extensions.swift in Sources */ = {isa = PBXBuildFile; fileRef = 7E2E35D929AB3FDC006E80E3 /* Extensions.swift */; };
		7E2E35E129AB4AA5006E80E3 /* brick_nml.jpg in Resources */ = {isa = PBXBuildFile; fileRef = 7E2E35DB29AB4AA3006E80E3 /* brick_nml.jpg */; };
		7E2E35E429AB4AA5006E80E3 /* brick_alb.jpg in Resources */ = {isa = PBXBuildFile; fileRef = 7E2E35DE29AB4AA4006E80E3 /* brick_alb.jpg */; };
		7E2FDF142978991200DE8F1F /* AppDelegate.swift in Sources */ = {isa = PBXBuildFile; fileRef = 7E2FDF132978991200DE8F1F /* AppDelegate.swift */; };
		7E2FDF162978991200DE8F1F /* ViewController.swift in Sources */ = {isa = PBXBuildFile; fileRef = 7E2FDF152978991200DE8F1F /* ViewController.swift */; };
		7E2FDF192978991200DE8F1F /* Q64.xcdatamodeld in Sources */ = {isa = PBXBuildFile; fileRef = 7E2FDF172978991200DE8F1F /* Q64.xcdatamodeld */; };
		7E2FDF1B2978991300DE8F1F /* Assets.xcassets in Resources */ = {isa = PBXBuildFile; fileRef = 7E2FDF1A2978991300DE8F1F /* Assets.xcassets */; };
		7E2FDF1E2978991300DE8F1F /* Main.storyboard in Resources */ = {isa = PBXBuildFile; fileRef = 7E2FDF1C2978991300DE8F1F /* Main.storyboard */; };
		7E2FDF2B29789A9C00DE8F1F /* Renderer.swift in Sources */ = {isa = PBXBuildFile; fileRef = 7E2FDF2A29789A9C00DE8F1F /* Renderer.swift */; };
		7E2FDF2D29789AD900DE8F1F /* Math.swift in Sources */ = {isa = PBXBuildFile; fileRef = 7E2FDF2C29789AD900DE8F1F /* Math.swift */; };
		7E2FDF2F29789B7800DE8F1F /* Config.swift in Sources */ = {isa = PBXBuildFile; fileRef = 7E2FDF2E29789B7800DE8F1F /* Config.swift */; };
		7E2FDF3129789CE200DE8F1F /* geometry.metal in Sources */ = {isa = PBXBuildFile; fileRef = 7E2FDF3029789CE200DE8F1F /* geometry.metal */; };
		7E2FDF3329789EA800DE8F1F /* Scene.swift in Sources */ = {isa = PBXBuildFile; fileRef = 7E2FDF3229789EA800DE8F1F /* Scene.swift */; };
		7E2FDF432978A93800DE8F1F /* CtrlView.swift in Sources */ = {isa = PBXBuildFile; fileRef = 7E2FDF422978A93800DE8F1F /* CtrlView.swift */; };
		7E2FDF492978AC3400DE8F1F /* Control.swift in Sources */ = {isa = PBXBuildFile; fileRef = 7E2FDF482978AC3400DE8F1F /* Control.swift */; };
		7E42DF4E29B6AD4200B48123 /* Utility.swift in Sources */ = {isa = PBXBuildFile; fileRef = 7E42DF4D29B6AD4200B48123 /* Utility.swift */; };
		7E6927E629B9835700FB8F4E /* Camera.swift in Sources */ = {isa = PBXBuildFile; fileRef = 7E6927E529B9835700FB8F4E /* Camera.swift */; };
		7E6AA5CB29B48D4700D2282F /* Light.swift in Sources */ = {isa = PBXBuildFile; fileRef = 7E6AA5CA29B48D4700D2282F /* Light.swift */; };
		7E6AA5CF29B4D30700D2282F /* Uniforms.swift in Sources */ = {isa = PBXBuildFile; fileRef = 7E6AA5CE29B4D30700D2282F /* Uniforms.swift */; };
		7E6AA5D129B4DB9400D2282F /* Model.swift in Sources */ = {isa = PBXBuildFile; fileRef = 7E6AA5D029B4DB9400D2282F /* Model.swift */; };
		7E81D9F929B087DE00272E0B /* steel_alb.jpg in Resources */ = {isa = PBXBuildFile; fileRef = 7E81D9F629B087DD00272E0B /* steel_alb.jpg */; };
		7E81DA0029B0897E00272E0B /* snow_rgh.jpg in Resources */ = {isa = PBXBuildFile; fileRef = 7E81D9FC29B0897C00272E0B /* snow_rgh.jpg */; };
		7E81DA0129B0897E00272E0B /* snow_nml.jpg in Resources */ = {isa = PBXBuildFile; fileRef = 7E81D9FD29B0897D00272E0B /* snow_nml.jpg */; };
		7E81DA0229B0897E00272E0B /* snow_alb.jpg in Resources */ = {isa = PBXBuildFile; fileRef = 7E81D9FE29B0897D00272E0B /* snow_alb.jpg */; };
		7E81DA0329B0897E00272E0B /* snow_mtl.jpg in Resources */ = {isa = PBXBuildFile; fileRef = 7E81D9FF29B0897E00272E0B /* snow_mtl.jpg */; };
		7E81DA0829B08F1200272E0B /* gold_ao.jpg in Resources */ = {isa = PBXBuildFile; fileRef = 7E81DA0429B08F1000272E0B /* gold_ao.jpg */; };
		7E81DA0929B08F1200272E0B /* gold_alb.jpg in Resources */ = {isa = PBXBuildFile; fileRef = 7E81DA0529B08F1100272E0B /* gold_alb.jpg */; };
		7E81DA0B29B08F1200272E0B /* gold_nml.jpg in Resources */ = {isa = PBXBuildFile; fileRef = 7E81DA0729B08F1200272E0B /* gold_nml.jpg */; };
		7E81DA0E29B0904500272E0B /* gold_rgh.jpg in Resources */ = {isa = PBXBuildFile; fileRef = 7E81DA0C29B0904400272E0B /* gold_rgh.jpg */; };
		7E81DA4029B09DBD00272E0B /* concrete_rgh.jpg in Resources */ = {isa = PBXBuildFile; fileRef = 7E81DA3C29B09DBB00272E0B /* concrete_rgh.jpg */; };
		7E81DA4129B09DBD00272E0B /* concrete_alb.jpg in Resources */ = {isa = PBXBuildFile; fileRef = 7E81DA3D29B09DBC00272E0B /* concrete_alb.jpg */; };
		7E81DA4229B09DBD00272E0B /* concrete_nml.jpg in Resources */ = {isa = PBXBuildFile; fileRef = 7E81DA3E29B09DBC00272E0B /* concrete_nml.jpg */; };
		7E81DA4329B09DBD00272E0B /* concrete_ao.jpg in Resources */ = {isa = PBXBuildFile; fileRef = 7E81DA3F29B09DBD00272E0B /* concrete_ao.jpg */; };
		7E81DA5929B21DB700272E0B /* ice_mtl.psd in Resources */ = {isa = PBXBuildFile; fileRef = 7E81DA5429B21DB500272E0B /* ice_mtl.psd */; };
		7E81DA5A29B21DB700272E0B /* ice_nml.png in Resources */ = {isa = PBXBuildFile; fileRef = 7E81DA5529B21DB500272E0B /* ice_nml.png */; };
		7E81DA5B29B21DB700272E0B /* ice_alb.png in Resources */ = {isa = PBXBuildFile; fileRef = 7E81DA5629B21DB600272E0B /* ice_alb.png */; };
		7E81DA5C29B21DB700272E0B /* ice_dep.png in Resources */ = {isa = PBXBuildFile; fileRef = 7E81DA5729B21DB600272E0B /* ice_dep.png */; };
		7E81DA5D29B21DB700272E0B /* ice_ao.png in Resources */ = {isa = PBXBuildFile; fileRef = 7E81DA5829B21DB700272E0B /* ice_ao.png */; };
		7E81DA5F29B21E7200272E0B /* ice_mtl.png in Resources */ = {isa = PBXBuildFile; fileRef = 7E81DA5E29B21E7200272E0B /* ice_mtl.png */; };
		7EB30BE129B8198A0041CEAF /* Material.swift in Sources */ = {isa = PBXBuildFile; fileRef = 7EB30BE029B8198A0041CEAF /* Material.swift */; };
		7EBE5DF829CA8DA1008E4D6F /* ice_nml.png in Resources */ = {isa = PBXBuildFile; fileRef = 7EBE5DF729CA8DA1008E4D6F /* ice_nml.png */; };
		7EBE5DFB29CAA3B8008E4D6F /* culling.metal in Sources */ = {isa = PBXBuildFile; fileRef = 7EBE5DFA29CAA3B8008E4D6F /* culling.metal */; };
		7EBE5E0229CAA9C8008E4D6F /* deferred.metal in Sources */ = {isa = PBXBuildFile; fileRef = 7EBE5E0129CAA9C8008E4D6F /* deferred.metal */; };
		7EBE5E0429CAAA67008E4D6F /* forward.metal in Sources */ = {isa = PBXBuildFile; fileRef = 7EBE5E0329CAAA67008E4D6F /* forward.metal */; };
		7EBE5E0629CAAA98008E4D6F /* shadow.metal in Sources */ = {isa = PBXBuildFile; fileRef = 7EBE5E0529CAAA98008E4D6F /* shadow.metal */; };
		7EBE5E0829CAC270008E4D6F /* com_lighting.metal in Sources */ = {isa = PBXBuildFile; fileRef = 7EBE5E0729CAC270008E4D6F /* com_lighting.metal */; };
/* End PBXBuildFile section */

/* Begin PBXFileReference section */
		7E047921297CE1BB00A51674 /* cruiser.obj */ = {isa = PBXFileReference; fileEncoding = 4; lastKnownFileType = text; path = cruiser.obj; sourceTree = "<group>"; };
		7E047929297DD6D100A51674 /* Demo.swift */ = {isa = PBXFileReference; lastKnownFileType = sourcecode.swift; path = Demo.swift; sourceTree = "<group>"; };
		7E04792B297DDC9600A51674 /* Library.swift */ = {isa = PBXFileReference; lastKnownFileType = sourcecode.swift; path = Library.swift; sourceTree = "<group>"; };
		7E1FB23F29C11297006DCD3A /* Temple.obj */ = {isa = PBXFileReference; fileEncoding = 4; lastKnownFileType = text; path = Temple.obj; sourceTree = "<group>"; };
		7E2E35D929AB3FDC006E80E3 /* Extensions.swift */ = {isa = PBXFileReference; lastKnownFileType = sourcecode.swift; path = Extensions.swift; sourceTree = "<group>"; };
		7E2E35DB29AB4AA3006E80E3 /* brick_nml.jpg */ = {isa = PBXFileReference; lastKnownFileType = image.jpeg; path = brick_nml.jpg; sourceTree = "<group>"; };
		7E2E35DE29AB4AA4006E80E3 /* brick_alb.jpg */ = {isa = PBXFileReference; lastKnownFileType = image.jpeg; path = brick_alb.jpg; sourceTree = "<group>"; };
		7E2FDF102978991200DE8F1F /* Q64.app */ = {isa = PBXFileReference; explicitFileType = wrapper.application; includeInIndex = 0; path = Q64.app; sourceTree = BUILT_PRODUCTS_DIR; };
		7E2FDF132978991200DE8F1F /* AppDelegate.swift */ = {isa = PBXFileReference; lastKnownFileType = sourcecode.swift; path = AppDelegate.swift; sourceTree = "<group>"; };
		7E2FDF152978991200DE8F1F /* ViewController.swift */ = {isa = PBXFileReference; lastKnownFileType = sourcecode.swift; path = ViewController.swift; sourceTree = "<group>"; };
		7E2FDF182978991200DE8F1F /* Q64.xcdatamodel */ = {isa = PBXFileReference; lastKnownFileType = wrapper.xcdatamodel; path = Q64.xcdatamodel; sourceTree = "<group>"; };
		7E2FDF1A2978991300DE8F1F /* Assets.xcassets */ = {isa = PBXFileReference; lastKnownFileType = folder.assetcatalog; path = Assets.xcassets; sourceTree = "<group>"; };
		7E2FDF1D2978991300DE8F1F /* Base */ = {isa = PBXFileReference; lastKnownFileType = file.storyboard; name = Base; path = Base.lproj/Main.storyboard; sourceTree = "<group>"; };
		7E2FDF1F2978991300DE8F1F /* Q64.entitlements */ = {isa = PBXFileReference; lastKnownFileType = text.plist.entitlements; path = Q64.entitlements; sourceTree = "<group>"; };
		7E2FDF2A29789A9C00DE8F1F /* Renderer.swift */ = {isa = PBXFileReference; lastKnownFileType = sourcecode.swift; path = Renderer.swift; sourceTree = "<group>"; };
		7E2FDF2C29789AD900DE8F1F /* Math.swift */ = {isa = PBXFileReference; lastKnownFileType = sourcecode.swift; path = Math.swift; sourceTree = "<group>"; };
		7E2FDF2E29789B7800DE8F1F /* Config.swift */ = {isa = PBXFileReference; lastKnownFileType = sourcecode.swift; path = Config.swift; sourceTree = "<group>"; };
		7E2FDF3029789CE200DE8F1F /* geometry.metal */ = {isa = PBXFileReference; lastKnownFileType = sourcecode.metal; path = geometry.metal; sourceTree = "<group>"; };
		7E2FDF3229789EA800DE8F1F /* Scene.swift */ = {isa = PBXFileReference; lastKnownFileType = sourcecode.swift; path = Scene.swift; sourceTree = "<group>"; };
		7E2FDF422978A93800DE8F1F /* CtrlView.swift */ = {isa = PBXFileReference; lastKnownFileType = sourcecode.swift; path = CtrlView.swift; sourceTree = "<group>"; };
		7E2FDF482978AC3400DE8F1F /* Control.swift */ = {isa = PBXFileReference; lastKnownFileType = sourcecode.swift; path = Control.swift; sourceTree = "<group>"; };
		7E42DF4D29B6AD4200B48123 /* Utility.swift */ = {isa = PBXFileReference; lastKnownFileType = sourcecode.swift; path = Utility.swift; sourceTree = "<group>"; };
		7E6927E529B9835700FB8F4E /* Camera.swift */ = {isa = PBXFileReference; lastKnownFileType = sourcecode.swift; path = Camera.swift; sourceTree = "<group>"; };
		7E6AA5CA29B48D4700D2282F /* Light.swift */ = {isa = PBXFileReference; lastKnownFileType = sourcecode.swift; path = Light.swift; sourceTree = "<group>"; };
		7E6AA5CE29B4D30700D2282F /* Uniforms.swift */ = {isa = PBXFileReference; lastKnownFileType = sourcecode.swift; path = Uniforms.swift; sourceTree = "<group>"; };
		7E6AA5D029B4DB9400D2282F /* Model.swift */ = {isa = PBXFileReference; lastKnownFileType = sourcecode.swift; path = Model.swift; sourceTree = "<group>"; };
		7E81D9F629B087DD00272E0B /* steel_alb.jpg */ = {isa = PBXFileReference; lastKnownFileType = image.jpeg; path = steel_alb.jpg; sourceTree = "<group>"; };
		7E81D9FC29B0897C00272E0B /* snow_rgh.jpg */ = {isa = PBXFileReference; lastKnownFileType = image.jpeg; path = snow_rgh.jpg; sourceTree = "<group>"; };
		7E81D9FD29B0897D00272E0B /* snow_nml.jpg */ = {isa = PBXFileReference; lastKnownFileType = image.jpeg; path = snow_nml.jpg; sourceTree = "<group>"; };
		7E81D9FE29B0897D00272E0B /* snow_alb.jpg */ = {isa = PBXFileReference; lastKnownFileType = image.jpeg; path = snow_alb.jpg; sourceTree = "<group>"; };
		7E81D9FF29B0897E00272E0B /* snow_mtl.jpg */ = {isa = PBXFileReference; lastKnownFileType = image.jpeg; path = snow_mtl.jpg; sourceTree = "<group>"; };
		7E81DA0429B08F1000272E0B /* gold_ao.jpg */ = {isa = PBXFileReference; lastKnownFileType = image.jpeg; path = gold_ao.jpg; sourceTree = "<group>"; };
		7E81DA0529B08F1100272E0B /* gold_alb.jpg */ = {isa = PBXFileReference; lastKnownFileType = image.jpeg; path = gold_alb.jpg; sourceTree = "<group>"; };
		7E81DA0729B08F1200272E0B /* gold_nml.jpg */ = {isa = PBXFileReference; lastKnownFileType = image.jpeg; path = gold_nml.jpg; sourceTree = "<group>"; };
		7E81DA0C29B0904400272E0B /* gold_rgh.jpg */ = {isa = PBXFileReference; lastKnownFileType = image.jpeg; path = gold_rgh.jpg; sourceTree = "<group>"; };
		7E81DA3C29B09DBB00272E0B /* concrete_rgh.jpg */ = {isa = PBXFileReference; lastKnownFileType = image.jpeg; path = concrete_rgh.jpg; sourceTree = "<group>"; };
		7E81DA3D29B09DBC00272E0B /* concrete_alb.jpg */ = {isa = PBXFileReference; lastKnownFileType = image.jpeg; path = concrete_alb.jpg; sourceTree = "<group>"; };
		7E81DA3E29B09DBC00272E0B /* concrete_nml.jpg */ = {isa = PBXFileReference; lastKnownFileType = image.jpeg; path = concrete_nml.jpg; sourceTree = "<group>"; };
		7E81DA3F29B09DBD00272E0B /* concrete_ao.jpg */ = {isa = PBXFileReference; lastKnownFileType = image.jpeg; path = concrete_ao.jpg; sourceTree = "<group>"; };
		7E81DA5429B21DB500272E0B /* ice_mtl.psd */ = {isa = PBXFileReference; lastKnownFileType = file; path = ice_mtl.psd; sourceTree = "<group>"; };
		7E81DA5529B21DB500272E0B /* ice_nml.png */ = {isa = PBXFileReference; lastKnownFileType = image.png; path = ice_nml.png; sourceTree = "<group>"; };
		7E81DA5629B21DB600272E0B /* ice_alb.png */ = {isa = PBXFileReference; lastKnownFileType = image.png; path = ice_alb.png; sourceTree = "<group>"; };
		7E81DA5729B21DB600272E0B /* ice_dep.png */ = {isa = PBXFileReference; lastKnownFileType = image.png; path = ice_dep.png; sourceTree = "<group>"; };
		7E81DA5829B21DB700272E0B /* ice_ao.png */ = {isa = PBXFileReference; lastKnownFileType = image.png; path = ice_ao.png; sourceTree = "<group>"; };
		7E81DA5E29B21E7200272E0B /* ice_mtl.png */ = {isa = PBXFileReference; lastKnownFileType = image.png; path = ice_mtl.png; sourceTree = "<group>"; };
		7EB30BE029B8198A0041CEAF /* Material.swift */ = {isa = PBXFileReference; lastKnownFileType = sourcecode.swift; path = Material.swift; sourceTree = "<group>"; };
		7EBE5DF429CA8AA1008E4D6F /* lighting_model.h */ = {isa = PBXFileReference; lastKnownFileType = sourcecode.c.h; path = lighting_model.h; sourceTree = "<group>"; };
		7EBE5DF529CA8B4B008E4D6F /* config.h */ = {isa = PBXFileReference; lastKnownFileType = sourcecode.c.h; path = config.h; sourceTree = "<group>"; };
		7EBE5DF729CA8DA1008E4D6F /* ice_nml.png */ = {isa = PBXFileReference; lastKnownFileType = image.png; path = ice_nml.png; sourceTree = "<group>"; };
		7EBE5DF929CA9368008E4D6F /* unifs.h */ = {isa = PBXFileReference; lastKnownFileType = sourcecode.c.h; path = unifs.h; sourceTree = "<group>"; };
		7EBE5DFA29CAA3B8008E4D6F /* culling.metal */ = {isa = PBXFileReference; lastKnownFileType = sourcecode.metal; path = culling.metal; sourceTree = "<group>"; };
		7EBE5DFC29CAA3EB008E4D6F /* types.h */ = {isa = PBXFileReference; lastKnownFileType = sourcecode.c.h; path = types.h; sourceTree = "<group>"; };
		7EBE5DFD29CAA50E008E4D6F /* util.h */ = {isa = PBXFileReference; lastKnownFileType = sourcecode.c.h; path = util.h; sourceTree = "<group>"; };
		7EBE5E0029CAA795008E4D6F /* com_lighting.h */ = {isa = PBXFileReference; lastKnownFileType = sourcecode.c.h; path = com_lighting.h; sourceTree = "<group>"; };
		7EBE5E0129CAA9C8008E4D6F /* deferred.metal */ = {isa = PBXFileReference; lastKnownFileType = sourcecode.metal; path = deferred.metal; sourceTree = "<group>"; };
		7EBE5E0329CAAA67008E4D6F /* forward.metal */ = {isa = PBXFileReference; lastKnownFileType = sourcecode.metal; path = forward.metal; sourceTree = "<group>"; };
		7EBE5E0529CAAA98008E4D6F /* shadow.metal */ = {isa = PBXFileReference; lastKnownFileType = sourcecode.metal; path = shadow.metal; sourceTree = "<group>"; };
		7EBE5E0729CAC270008E4D6F /* com_lighting.metal */ = {isa = PBXFileReference; lastKnownFileType = sourcecode.metal; path = com_lighting.metal; sourceTree = "<group>"; };
/* End PBXFileReference section */

/* Begin PBXFrameworksBuildPhase section */
		7E2FDF0D2978991200DE8F1F /* Frameworks */ = {
			isa = PBXFrameworksBuildPhase;
			buildActionMask = 2147483647;
			files = (
			);
			runOnlyForDeploymentPostprocessing = 0;
		};
/* End PBXFrameworksBuildPhase section */

/* Begin PBXGroup section */
		7E04791E297CE0E400A51674 /* demo */ = {
			isa = PBXGroup;
			children = (
				7E047929297DD6D100A51674 /* Demo.swift */,
				7E047921297CE1BB00A51674 /* cruiser.obj */,
				7E1FB23F29C11297006DCD3A /* Temple.obj */,
				7E2E35DE29AB4AA4006E80E3 /* brick_alb.jpg */,
				7E2E35DB29AB4AA3006E80E3 /* brick_nml.jpg */,
				7E81D9F629B087DD00272E0B /* steel_alb.jpg */,
				7E81D9FE29B0897D00272E0B /* snow_alb.jpg */,
				7E81D9FF29B0897E00272E0B /* snow_mtl.jpg */,
				7E81D9FD29B0897D00272E0B /* snow_nml.jpg */,
				7E81D9FC29B0897C00272E0B /* snow_rgh.jpg */,
				7E81DA0529B08F1100272E0B /* gold_alb.jpg */,
				7E81DA0429B08F1000272E0B /* gold_ao.jpg */,
				7E81DA0729B08F1200272E0B /* gold_nml.jpg */,
				7E81DA0C29B0904400272E0B /* gold_rgh.jpg */,
				7E81DA3D29B09DBC00272E0B /* concrete_alb.jpg */,
				7E81DA3F29B09DBD00272E0B /* concrete_ao.jpg */,
				7E81DA3E29B09DBC00272E0B /* concrete_nml.jpg */,
				7E81DA3C29B09DBB00272E0B /* concrete_rgh.jpg */,
				7E81DA5629B21DB600272E0B /* ice_alb.png */,
				7E81DA5829B21DB700272E0B /* ice_ao.png */,
				7E81DA5729B21DB600272E0B /* ice_dep.png */,
				7E81DA5429B21DB500272E0B /* ice_mtl.psd */,
				7E81DA5E29B21E7200272E0B /* ice_mtl.png */,
				7EBE5DF729CA8DA1008E4D6F /* ice_nml.png */,
				7E81DA5529B21DB500272E0B /* ice_nml.png */,
			);
			path = demo;
			sourceTree = "<group>";
		};
		7E2FDF072978991200DE8F1F = {
			isa = PBXGroup;
			children = (
				7E2FDF122978991200DE8F1F /* Q64 */,
				7E2FDF112978991200DE8F1F /* Products */,
			);
			sourceTree = "<group>";
		};
		7E2FDF112978991200DE8F1F /* Products */ = {
			isa = PBXGroup;
			children = (
				7E2FDF102978991200DE8F1F /* Q64.app */,
			);
			name = Products;
			sourceTree = "<group>";
		};
		7E2FDF122978991200DE8F1F /* Q64 */ = {
			isa = PBXGroup;
			children = (
				7E04791E297CE0E400A51674 /* demo */,
				7E2FDF272978997600DE8F1F /* core */,
				7E2FDF262978995500DE8F1F /* gfx */,
				7E2FDF252978995000DE8F1F /* app */,
			);
			path = Q64;
			sourceTree = "<group>";
		};
		7E2FDF252978995000DE8F1F /* app */ = {
			isa = PBXGroup;
			children = (
				7E2FDF2E29789B7800DE8F1F /* Config.swift */,
				7E2FDF132978991200DE8F1F /* AppDelegate.swift */,
				7E2FDF152978991200DE8F1F /* ViewController.swift */,
				7E2FDF422978A93800DE8F1F /* CtrlView.swift */,
				7E2FDF1A2978991300DE8F1F /* Assets.xcassets */,
				7E2FDF1C2978991300DE8F1F /* Main.storyboard */,
				7E2FDF1F2978991300DE8F1F /* Q64.entitlements */,
				7E2FDF172978991200DE8F1F /* Q64.xcdatamodeld */,
			);
			path = app;
			sourceTree = "<group>";
		};
		7E2FDF262978995500DE8F1F /* gfx */ = {
			isa = PBXGroup;
			children = (
				7E04792B297DDC9600A51674 /* Library.swift */,
				7E42DF4D29B6AD4200B48123 /* Utility.swift */,
				7E2E35D929AB3FDC006E80E3 /* Extensions.swift */,
				7E2FDF2A29789A9C00DE8F1F /* Renderer.swift */,
				7E6AA5CE29B4D30700D2282F /* Uniforms.swift */,
				7E2FDF3229789EA800DE8F1F /* Scene.swift */,
				7E6927E529B9835700FB8F4E /* Camera.swift */,
				7E6AA5D029B4DB9400D2282F /* Model.swift */,
				7E6AA5CA29B48D4700D2282F /* Light.swift */,
				7EB30BE029B8198A0041CEAF /* Material.swift */,
				7E2FDF3029789CE200DE8F1F /* geometry.metal */,
				7EBE5E0529CAAA98008E4D6F /* shadow.metal */,
				7EBE5DFA29CAA3B8008E4D6F /* culling.metal */,
				7EBE5E0329CAAA67008E4D6F /* forward.metal */,
				7EBE5E0129CAA9C8008E4D6F /* deferred.metal */,
				7EBE5DF529CA8B4B008E4D6F /* config.h */,
				7EBE5E0029CAA795008E4D6F /* com_lighting.h */,
				7EBE5E0729CAC270008E4D6F /* com_lighting.metal */,
				7EBE5DFD29CAA50E008E4D6F /* util.h */,
				7EBE5DF929CA9368008E4D6F /* unifs.h */,
				7EBE5DFC29CAA3EB008E4D6F /* types.h */,
				7EBE5DF429CA8AA1008E4D6F /* lighting_model.h */,
			);
			path = gfx;
			sourceTree = "<group>";
		};
		7E2FDF272978997600DE8F1F /* core */ = {
			isa = PBXGroup;
			children = (
				7E2FDF482978AC3400DE8F1F /* Control.swift */,
				7E2FDF2C29789AD900DE8F1F /* Math.swift */,
			);
			path = core;
			sourceTree = "<group>";
		};
/* End PBXGroup section */

/* Begin PBXNativeTarget section */
		7E2FDF0F2978991200DE8F1F /* Q64 */ = {
			isa = PBXNativeTarget;
			buildConfigurationList = 7E2FDF222978991300DE8F1F /* Build configuration list for PBXNativeTarget "Q64" */;
			buildPhases = (
				7E2FDF0C2978991200DE8F1F /* Sources */,
				7E2FDF0D2978991200DE8F1F /* Frameworks */,
				7E2FDF0E2978991200DE8F1F /* Resources */,
			);
			buildRules = (
			);
			dependencies = (
			);
			name = Q64;
			productName = Q64;
			productReference = 7E2FDF102978991200DE8F1F /* Q64.app */;
			productType = "com.apple.product-type.application";
		};
/* End PBXNativeTarget section */

/* Begin PBXProject section */
		7E2FDF082978991200DE8F1F /* Project object */ = {
			isa = PBXProject;
			attributes = {
				BuildIndependentTargetsInParallel = 1;
				LastSwiftUpdateCheck = 1340;
				LastUpgradeCheck = 1420;
				TargetAttributes = {
					7E2FDF0F2978991200DE8F1F = {
						CreatedOnToolsVersion = 13.4.1;
					};
				};
			};
			buildConfigurationList = 7E2FDF0B2978991200DE8F1F /* Build configuration list for PBXProject "Q64" */;
			compatibilityVersion = "Xcode 13.0";
			developmentRegion = en;
			hasScannedForEncodings = 0;
			knownRegions = (
				en,
				Base,
			);
			mainGroup = 7E2FDF072978991200DE8F1F;
			productRefGroup = 7E2FDF112978991200DE8F1F /* Products */;
			projectDirPath = "";
			projectRoot = "";
			targets = (
				7E2FDF0F2978991200DE8F1F /* Q64 */,
			);
		};
/* End PBXProject section */

/* Begin PBXResourcesBuildPhase section */
		7E2FDF0E2978991200DE8F1F /* Resources */ = {
			isa = PBXResourcesBuildPhase;
			buildActionMask = 2147483647;
			files = (
				7E81DA5C29B21DB700272E0B /* ice_dep.png in Resources */,
				7E81DA0329B0897E00272E0B /* snow_mtl.jpg in Resources */,
				7E81DA0829B08F1200272E0B /* gold_ao.jpg in Resources */,
				7E81DA4029B09DBD00272E0B /* concrete_rgh.jpg in Resources */,
				7E81DA4129B09DBD00272E0B /* concrete_alb.jpg in Resources */,
				7EBE5DF829CA8DA1008E4D6F /* ice_nml.png in Resources */,
				7E047924297CE1BB00A51674 /* cruiser.obj in Resources */,
				7E81DA0029B0897E00272E0B /* snow_rgh.jpg in Resources */,
				7E2E35E129AB4AA5006E80E3 /* brick_nml.jpg in Resources */,
				7E81DA0B29B08F1200272E0B /* gold_nml.jpg in Resources */,
				7E2FDF1B2978991300DE8F1F /* Assets.xcassets in Resources */,
				7E81DA0929B08F1200272E0B /* gold_alb.jpg in Resources */,
				7E81DA0129B0897E00272E0B /* snow_nml.jpg in Resources */,
				7E81DA5F29B21E7200272E0B /* ice_mtl.png in Resources */,
				7E2E35E429AB4AA5006E80E3 /* brick_alb.jpg in Resources */,
				7E81D9F929B087DE00272E0B /* steel_alb.jpg in Resources */,
				7E81DA0E29B0904500272E0B /* gold_rgh.jpg in Resources */,
				7E81DA4229B09DBD00272E0B /* concrete_nml.jpg in Resources */,
				7E81DA4329B09DBD00272E0B /* concrete_ao.jpg in Resources */,
				7E81DA0229B0897E00272E0B /* snow_alb.jpg in Resources */,
				7E2FDF1E2978991300DE8F1F /* Main.storyboard in Resources */,
				7E81DA5B29B21DB700272E0B /* ice_alb.png in Resources */,
				7E81DA5D29B21DB700272E0B /* ice_ao.png in Resources */,
				7E1FB24029C11297006DCD3A /* Temple.obj in Resources */,
				7E81DA5A29B21DB700272E0B /* ice_nml.png in Resources */,
				7E81DA5929B21DB700272E0B /* ice_mtl.psd in Resources */,
			);
			runOnlyForDeploymentPostprocessing = 0;
		};
/* End PBXResourcesBuildPhase section */

/* Begin PBXSourcesBuildPhase section */
		7E2FDF0C2978991200DE8F1F /* Sources */ = {
			isa = PBXSourcesBuildPhase;
			buildActionMask = 2147483647;
			files = (
				7E2FDF2B29789A9C00DE8F1F /* Renderer.swift in Sources */,
				7EB30BE129B8198A0041CEAF /* Material.swift in Sources */,
				7E2FDF3129789CE200DE8F1F /* geometry.metal in Sources */,
				7E6AA5CB29B48D4700D2282F /* Light.swift in Sources */,
				7EBE5DFB29CAA3B8008E4D6F /* culling.metal in Sources */,
				7E04792A297DD6D100A51674 /* Demo.swift in Sources */,
				7E2FDF162978991200DE8F1F /* ViewController.swift in Sources */,
				7E2FDF142978991200DE8F1F /* AppDelegate.swift in Sources */,
				7E2FDF3329789EA800DE8F1F /* Scene.swift in Sources */,
				7E2FDF432978A93800DE8F1F /* CtrlView.swift in Sources */,
				7EBE5E0229CAA9C8008E4D6F /* deferred.metal in Sources */,
				7E2FDF192978991200DE8F1F /* Q64.xcdatamodeld in Sources */,
				7E6AA5CF29B4D30700D2282F /* Uniforms.swift in Sources */,
				7EBE5E0429CAAA67008E4D6F /* forward.metal in Sources */,
				7E2FDF492978AC3400DE8F1F /* Control.swift in Sources */,
				7EBE5E0829CAC270008E4D6F /* com_lighting.metal in Sources */,
				7E2E35DA29AB3FDC006E80E3 /* Extensions.swift in Sources */,
				7E6AA5D129B4DB9400D2282F /* Model.swift in Sources */,
				7E2FDF2D29789AD900DE8F1F /* Math.swift in Sources */,
				7E2FDF2F29789B7800DE8F1F /* Config.swift in Sources */,
				7E6927E629B9835700FB8F4E /* Camera.swift in Sources */,
				7E04792C297DDC9600A51674 /* Library.swift in Sources */,
				7EBE5E0629CAAA98008E4D6F /* shadow.metal in Sources */,
				7E42DF4E29B6AD4200B48123 /* Utility.swift in Sources */,
			);
			runOnlyForDeploymentPostprocessing = 0;
		};
/* End PBXSourcesBuildPhase section */

/* Begin PBXVariantGroup section */
		7E2FDF1C2978991300DE8F1F /* Main.storyboard */ = {
			isa = PBXVariantGroup;
			children = (
				7E2FDF1D2978991300DE8F1F /* Base */,
			);
			name = Main.storyboard;
			sourceTree = "<group>";
		};
/* End PBXVariantGroup section */

/* Begin XCBuildConfiguration section */
		7E2FDF202978991300DE8F1F /* Debug */ = {
			isa = XCBuildConfiguration;
			buildSettings = {
				ALWAYS_SEARCH_USER_PATHS = NO;
				CLANG_ANALYZER_NONNULL = YES;
				CLANG_ANALYZER_NUMBER_OBJECT_CONVERSION = YES_AGGRESSIVE;
				CLANG_CXX_LANGUAGE_STANDARD = "gnu++17";
				CLANG_ENABLE_MODULES = YES;
				CLANG_ENABLE_OBJC_ARC = YES;
				CLANG_ENABLE_OBJC_WEAK = YES;
				CLANG_WARN_BLOCK_CAPTURE_AUTORELEASING = YES;
				CLANG_WARN_BOOL_CONVERSION = YES;
				CLANG_WARN_COMMA = YES;
				CLANG_WARN_CONSTANT_CONVERSION = YES;
				CLANG_WARN_DEPRECATED_OBJC_IMPLEMENTATIONS = YES;
				CLANG_WARN_DIRECT_OBJC_ISA_USAGE = YES_ERROR;
				CLANG_WARN_DOCUMENTATION_COMMENTS = YES;
				CLANG_WARN_EMPTY_BODY = YES;
				CLANG_WARN_ENUM_CONVERSION = YES;
				CLANG_WARN_INFINITE_RECURSION = YES;
				CLANG_WARN_INT_CONVERSION = YES;
				CLANG_WARN_NON_LITERAL_NULL_CONVERSION = YES;
				CLANG_WARN_OBJC_IMPLICIT_RETAIN_SELF = YES;
				CLANG_WARN_OBJC_LITERAL_CONVERSION = YES;
				CLANG_WARN_OBJC_ROOT_CLASS = YES_ERROR;
				CLANG_WARN_QUOTED_INCLUDE_IN_FRAMEWORK_HEADER = YES;
				CLANG_WARN_RANGE_LOOP_ANALYSIS = YES;
				CLANG_WARN_STRICT_PROTOTYPES = YES;
				CLANG_WARN_SUSPICIOUS_MOVE = YES;
				CLANG_WARN_UNGUARDED_AVAILABILITY = YES_AGGRESSIVE;
				CLANG_WARN_UNREACHABLE_CODE = YES;
				CLANG_WARN__DUPLICATE_METHOD_MATCH = YES;
				COPY_PHASE_STRIP = NO;
				DEAD_CODE_STRIPPING = YES;
				DEBUG_INFORMATION_FORMAT = dwarf;
				ENABLE_STRICT_OBJC_MSGSEND = YES;
				ENABLE_TESTABILITY = YES;
				GCC_C_LANGUAGE_STANDARD = gnu11;
				GCC_DYNAMIC_NO_PIC = NO;
				GCC_NO_COMMON_BLOCKS = YES;
				GCC_OPTIMIZATION_LEVEL = 0;
				GCC_PREPROCESSOR_DEFINITIONS = (
					"DEBUG=1",
					"$(inherited)",
				);
				GCC_WARN_64_TO_32_BIT_CONVERSION = YES;
				GCC_WARN_ABOUT_RETURN_TYPE = YES_ERROR;
				GCC_WARN_UNDECLARED_SELECTOR = YES;
				GCC_WARN_UNINITIALIZED_AUTOS = YES_AGGRESSIVE;
				GCC_WARN_UNUSED_FUNCTION = YES;
				GCC_WARN_UNUSED_VARIABLE = YES;
				MACOSX_DEPLOYMENT_TARGET = 12.0;
				MTL_ENABLE_DEBUG_INFO = INCLUDE_SOURCE;
				MTL_FAST_MATH = YES;
				ONLY_ACTIVE_ARCH = YES;
				SDKROOT = macosx;
				SWIFT_ACTIVE_COMPILATION_CONDITIONS = DEBUG;
				SWIFT_OPTIMIZATION_LEVEL = "-Onone";
			};
			name = Debug;
		};
		7E2FDF212978991300DE8F1F /* Release */ = {
			isa = XCBuildConfiguration;
			buildSettings = {
				ALWAYS_SEARCH_USER_PATHS = NO;
				CLANG_ANALYZER_NONNULL = YES;
				CLANG_ANALYZER_NUMBER_OBJECT_CONVERSION = YES_AGGRESSIVE;
				CLANG_CXX_LANGUAGE_STANDARD = "gnu++17";
				CLANG_ENABLE_MODULES = YES;
				CLANG_ENABLE_OBJC_ARC = YES;
				CLANG_ENABLE_OBJC_WEAK = YES;
				CLANG_WARN_BLOCK_CAPTURE_AUTORELEASING = YES;
				CLANG_WARN_BOOL_CONVERSION = YES;
				CLANG_WARN_COMMA = YES;
				CLANG_WARN_CONSTANT_CONVERSION = YES;
				CLANG_WARN_DEPRECATED_OBJC_IMPLEMENTATIONS = YES;
				CLANG_WARN_DIRECT_OBJC_ISA_USAGE = YES_ERROR;
				CLANG_WARN_DOCUMENTATION_COMMENTS = YES;
				CLANG_WARN_EMPTY_BODY = YES;
				CLANG_WARN_ENUM_CONVERSION = YES;
				CLANG_WARN_INFINITE_RECURSION = YES;
				CLANG_WARN_INT_CONVERSION = YES;
				CLANG_WARN_NON_LITERAL_NULL_CONVERSION = YES;
				CLANG_WARN_OBJC_IMPLICIT_RETAIN_SELF = YES;
				CLANG_WARN_OBJC_LITERAL_CONVERSION = YES;
				CLANG_WARN_OBJC_ROOT_CLASS = YES_ERROR;
				CLANG_WARN_QUOTED_INCLUDE_IN_FRAMEWORK_HEADER = YES;
				CLANG_WARN_RANGE_LOOP_ANALYSIS = YES;
				CLANG_WARN_STRICT_PROTOTYPES = YES;
				CLANG_WARN_SUSPICIOUS_MOVE = YES;
				CLANG_WARN_UNGUARDED_AVAILABILITY = YES_AGGRESSIVE;
				CLANG_WARN_UNREACHABLE_CODE = YES;
				CLANG_WARN__DUPLICATE_METHOD_MATCH = YES;
				COPY_PHASE_STRIP = NO;
				DEAD_CODE_STRIPPING = YES;
				DEBUG_INFORMATION_FORMAT = "dwarf-with-dsym";
				ENABLE_NS_ASSERTIONS = NO;
				ENABLE_STRICT_OBJC_MSGSEND = YES;
				GCC_C_LANGUAGE_STANDARD = gnu11;
				GCC_NO_COMMON_BLOCKS = YES;
				GCC_WARN_64_TO_32_BIT_CONVERSION = YES;
				GCC_WARN_ABOUT_RETURN_TYPE = YES_ERROR;
				GCC_WARN_UNDECLARED_SELECTOR = YES;
				GCC_WARN_UNINITIALIZED_AUTOS = YES_AGGRESSIVE;
				GCC_WARN_UNUSED_FUNCTION = YES;
				GCC_WARN_UNUSED_VARIABLE = YES;
				MACOSX_DEPLOYMENT_TARGET = 12.0;
				MTL_ENABLE_DEBUG_INFO = NO;
				MTL_FAST_MATH = YES;
				SDKROOT = macosx;
				SWIFT_COMPILATION_MODE = wholemodule;
				SWIFT_OPTIMIZATION_LEVEL = "-O";
			};
			name = Release;
		};
		7E2FDF232978991300DE8F1F /* Debug */ = {
			isa = XCBuildConfiguration;
			buildSettings = {
				ASSETCATALOG_COMPILER_APPICON_NAME = AppIcon;
				ASSETCATALOG_COMPILER_GLOBAL_ACCENT_COLOR_NAME = AccentColor;
				CODE_SIGN_ENTITLEMENTS = Q64/app/Q64.entitlements;
				CODE_SIGN_IDENTITY = "-";
				CODE_SIGN_STYLE = Automatic;
				COMBINE_HIDPI_IMAGES = YES;
				CURRENT_PROJECT_VERSION = 1;
				DEAD_CODE_STRIPPING = YES;
				GENERATE_INFOPLIST_FILE = YES;
				INFOPLIST_KEY_NSHumanReadableCopyright = "";
				INFOPLIST_KEY_NSMainStoryboardFile = Main;
				INFOPLIST_KEY_NSPrincipalClass = NSApplication;
				LD_RUNPATH_SEARCH_PATHS = (
					"$(inherited)",
					"@executable_path/../Frameworks",
				);
				MARKETING_VERSION = 1.0;
				PRODUCT_BUNDLE_IDENTIFIER = com.Q64;
				PRODUCT_NAME = "$(TARGET_NAME)";
				SWIFT_EMIT_LOC_STRINGS = YES;
				SWIFT_VERSION = 5.0;
			};
			name = Debug;
		};
		7E2FDF242978991300DE8F1F /* Release */ = {
			isa = XCBuildConfiguration;
			buildSettings = {
				ASSETCATALOG_COMPILER_APPICON_NAME = AppIcon;
				ASSETCATALOG_COMPILER_GLOBAL_ACCENT_COLOR_NAME = AccentColor;
				CODE_SIGN_ENTITLEMENTS = Q64/app/Q64.entitlements;
				CODE_SIGN_IDENTITY = "-";
				CODE_SIGN_STYLE = Automatic;
				COMBINE_HIDPI_IMAGES = YES;
				CURRENT_PROJECT_VERSION = 1;
				DEAD_CODE_STRIPPING = YES;
				GENERATE_INFOPLIST_FILE = YES;
				INFOPLIST_KEY_NSHumanReadableCopyright = "";
				INFOPLIST_KEY_NSMainStoryboardFile = Main;
				INFOPLIST_KEY_NSPrincipalClass = NSApplication;
				LD_RUNPATH_SEARCH_PATHS = (
					"$(inherited)",
					"@executable_path/../Frameworks",
				);
				MARKETING_VERSION = 1.0;
				PRODUCT_BUNDLE_IDENTIFIER = com.Q64;
				PRODUCT_NAME = "$(TARGET_NAME)";
				SWIFT_EMIT_LOC_STRINGS = YES;
				SWIFT_VERSION = 5.0;
			};
			name = Release;
		};
/* End XCBuildConfiguration section */

/* Begin XCConfigurationList section */
		7E2FDF0B2978991200DE8F1F /* Build configuration list for PBXProject "Q64" */ = {
			isa = XCConfigurationList;
			buildConfigurations = (
				7E2FDF202978991300DE8F1F /* Debug */,
				7E2FDF212978991300DE8F1F /* Release */,
			);
			defaultConfigurationIsVisible = 0;
			defaultConfigurationName = Release;
		};
		7E2FDF222978991300DE8F1F /* Build configuration list for PBXNativeTarget "Q64" */ = {
			isa = XCConfigurationList;
			buildConfigurations = (
				7E2FDF232978991300DE8F1F /* Debug */,
				7E2FDF242978991300DE8F1F /* Release */,
			);
			defaultConfigurationIsVisible = 0;
			defaultConfigurationName = Release;
		};
/* End XCConfigurationList section */

/* Begin XCVersionGroup section */
		7E2FDF172978991200DE8F1F /* Q64.xcdatamodeld */ = {
			isa = XCVersionGroup;
			children = (
				7E2FDF182978991200DE8F1F /* Q64.xcdatamodel */,
			);
			currentVersion = 7E2FDF182978991200DE8F1F /* Q64.xcdatamodel */;
			path = Q64.xcdatamodeld;
			sourceTree = "<group>";
			versionGroupType = wrapper.xcdatamodel;
		};
/* End XCVersionGroup section */
	};
	rootObject = 7E2FDF082978991200DE8F1F /* Project object */;
}
